
Microsoft Visual Studio Solution File, Format Version 12.00
# Visual Studio 15
VisualStudioVersion = 15.0.27130.2010
MinimumVisualStudioVersion = 10.0.40219.1
Project("{8BC9CEB8-8B4A-11D0-8D11-00A0C91BC942}") = "TopInterviewQuestions", "TopInterviewQuestions\TopInterviewQuestions.vcxproj", "{D20996B9-237F-4293-B7CE-073888DAE747}"
EndProject
Project("{8BC9CEB8-8B4A-11D0-8D11-00A0C91BC942}") = "C_plus_plus", "C_plus_plus\C_plus_plus.vcxproj", "{93ADB582-58CC-438E-A6DA-290DE4FD5698}"
EndProject
Project("{8BC9CEB8-8B4A-11D0-8D11-00A0C91BC942}") = "StackWithMin", "StackWithMin\StackWithMin.vcxproj", "{EA1B849F-8464-4603-9514-26EBD55288BD}"
EndProject
Global
	GlobalSection(SolutionConfigurationPlatforms) = preSolution
		Debug|x64 = Debug|x64
		Debug|x86 = Debug|x86
		Release|x64 = Release|x64
		Release|x86 = Release|x86
	EndGlobalSection
	GlobalSection(ProjectConfigurationPlatforms) = postSolution
		{D20996B9-237F-4293-B7CE-073888DAE747}.Debug|x64.ActiveCfg = Debug|x64
		{D20996B9-237F-4293-B7CE-073888DAE747}.Debug|x64.Build.0 = Debug|x64
		{D20996B9-237F-4293-B7CE-073888DAE747}.Debug|x86.ActiveCfg = Debug|Win32
		{D20996B9-237F-4293-B7CE-073888DAE747}.Debug|x86.Build.0 = Debug|Win32
		{D20996B9-237F-4293-B7CE-073888DAE747}.Release|x64.ActiveCfg = Release|x64
		{D20996B9-237F-4293-B7CE-073888DAE747}.Release|x64.Build.0 = Release|x64
		{D20996B9-237F-4293-B7CE-073888DAE747}.Release|x86.ActiveCfg = Release|Win32
		{D20996B9-237F-4293-B7CE-073888DAE747}.Release|x86.Build.0 = Release|Win32
		{93ADB582-58CC-438E-A6DA-290DE4FD5698}.Debug|x64.ActiveCfg = Debug|x64
		{93ADB582-58CC-438E-A6DA-290DE4FD5698}.Debug|x64.Build.0 = Debug|x64
		{93ADB582-58CC-438E-A6DA-290DE4FD5698}.Debug|x86.ActiveCfg = Debug|Win32
		{93ADB582-58CC-438E-A6DA-290DE4FD5698}.Debug|x86.Build.0 = Debug|Win32
		{93ADB582-58CC-438E-A6DA-290DE4FD5698}.Release|x64.ActiveCfg = Release|x64
		{93ADB582-58CC-438E-A6DA-290DE4FD5698}.Release|x64.Build.0 = Release|x64
		{93ADB582-58CC-438E-A6DA-290DE4FD5698}.Release|x86.ActiveCfg = Release|Win32
		{93ADB582-58CC-438E-A6DA-290DE4FD5698}.Release|x86.Build.0 = Release|Win32
		{EA1B849F-8464-4603-9514-26EBD55288BD}.Debug|x64.ActiveCfg = Debug|x64
		{EA1B849F-8464-4603-9514-26EBD55288BD}.Debug|x64.Build.0 = Debug|x64
		{EA1B849F-8464-4603-9514-26EBD55288BD}.Debug|x86.ActiveCfg = Debug|Win32
		{EA1B849F-8464-4603-9514-26EBD55288BD}.Debug|x86.Build.0 = Debug|Win32
		{EA1B849F-8464-4603-9514-26EBD55288BD}.Release|x64.ActiveCfg = Release|x64
		{EA1B849F-8464-4603-9514-26EBD55288BD}.Release|x64.Build.0 = Release|x64
		{EA1B849F-8464-4603-9514-26EBD55288BD}.Release|x86.ActiveCfg = Release|Win32
		{EA1B849F-8464-4603-9514-26EBD55288BD}.Release|x86.Build.0 = Release|Win32
	EndGlobalSection
	GlobalSection(SolutionProperties) = preSolution
		HideSolutionNode = FALSE
	EndGlobalSection
	GlobalSection(ExtensibilityGlobals) = postSolution
		SolutionGuid = {12EF3427-C606-4FA9-9589-224E35B61CB7}
	EndGlobalSection
EndGlobal
